// !$*UTF8*$!
{
	archiveVersion = 1;
	classes = {
	};
	objectVersion = 50;
	objects = {

/* Begin PBXBuildFile section */
		E617789527103820004710E9 /* AppDelegate.swift in Sources */ = {isa = PBXBuildFile; fileRef = E617789427103820004710E9 /* AppDelegate.swift */; };
		E617789727103820004710E9 /* ViewController.swift in Sources */ = {isa = PBXBuildFile; fileRef = E617789627103820004710E9 /* ViewController.swift */; };
		E617789A27103820004710E9 /* Main.storyboard in Resources */ = {isa = PBXBuildFile; fileRef = E617789827103820004710E9 /* Main.storyboard */; };
		E617789C27103852004710E9 /* Assets.xcassets in Resources */ = {isa = PBXBuildFile; fileRef = E617789B27103852004710E9 /* Assets.xcassets */; };
		E617789F27103852004710E9 /* LaunchScreen.storyboard in Resources */ = {isa = PBXBuildFile; fileRef = E617789D27103852004710E9 /* LaunchScreen.storyboard */; };
		E6BB483F27108EC90002ABAF /* Keychain.swift in Frameworks */ = {isa = PBXBuildFile; fileRef = E6BB483E27108EC90002ABAF /* Keychain.swift */; };
/* End PBXBuildFile section */

/* Begin PBXContainerItemProxy section */
		E6BB484627108EF80002ABAF /* PBXContainerItemProxy */ = {
			isa = PBXContainerItemProxy;
			containerPortal = E6BB484027108EF80002ABAF /* KeychainAccess.xcodeproj */;
			proxyType = 2;
			remoteGlobalIDString = 140F195C1A49D79400B0016A;
			remoteInfo = KeychainAccess;
		};
		E6BB484827108EF80002ABAF /* PBXContainerItemProxy */ = {
			isa = PBXContainerItemProxy;
			containerPortal = E6BB484027108EF80002ABAF /* KeychainAccess.xcodeproj */;
			proxyType = 2;
			remoteGlobalIDString = 140F19671A49D79500B0016A;
			remoteInfo = KeychainAccessTests;
		};
		E6BB484A27108EF80002ABAF /* PBXContainerItemProxy */ = {
			isa = PBXContainerItemProxy;
			containerPortal = E6BB484027108EF80002ABAF /* KeychainAccess.xcodeproj */;
			proxyType = 2;
			remoteGlobalIDString = 14A630151D3293C700809B3F;
			remoteInfo = TestHost;
		};
/* End PBXContainerItemProxy section */

/* Begin PBXFileReference section */
		E617789127103820004710E9 /* LoginTestApp.app */ = {isa = PBXFileReference; explicitFileType = wrapper.application; includeInIndex = 0; path = LoginTestApp.app; sourceTree = BUILT_PRODUCTS_DIR; };
		E617789427103820004710E9 /* AppDelegate.swift */ = {isa = PBXFileReference; lastKnownFileType = sourcecode.swift; path = AppDelegate.swift; sourceTree = "<group>"; };
		E617789627103820004710E9 /* ViewController.swift */ = {isa = PBXFileReference; lastKnownFileType = sourcecode.swift; path = ViewController.swift; sourceTree = "<group>"; };
		E617789927103820004710E9 /* Base */ = {isa = PBXFileReference; lastKnownFileType = file.storyboard; name = Base; path = Base.lproj/Main.storyboard; sourceTree = "<group>"; };
		E617789B27103852004710E9 /* Assets.xcassets */ = {isa = PBXFileReference; lastKnownFileType = folder.assetcatalog; path = Assets.xcassets; sourceTree = "<group>"; };
		E617789E27103852004710E9 /* Base */ = {isa = PBXFileReference; lastKnownFileType = file.storyboard; name = Base; path = Base.lproj/LaunchScreen.storyboard; sourceTree = "<group>"; };
		E61778A027103853004710E9 /* Info.plist */ = {isa = PBXFileReference; lastKnownFileType = text.plist.xml; path = Info.plist; sourceTree = "<group>"; };
		E6BB483C27108EAD0002ABAF /* KeychainAccess.podspec */ = {isa = PBXFileReference; lastKnownFileType = text; name = KeychainAccess.podspec; path = "../../KeychainAccess-4.2.2/New Folder With Items/KeychainAccess.podspec"; sourceTree = "<group>"; };
		E6BB483E27108EC90002ABAF /* Keychain.swift */ = {isa = PBXFileReference; lastKnownFileType = sourcecode.swift; name = Keychain.swift; path = "../../KeychainAccess-4.2.2/New Folder With Items/Keychain.swift"; sourceTree = "<group>"; };
		E6BB484027108EF80002ABAF /* KeychainAccess.xcodeproj */ = {isa = PBXFileReference; lastKnownFileType = "wrapper.pb-project"; name = KeychainAccess.xcodeproj; path = "../../KeychainAccess-4.2.2/New Folder With Items/Lib/KeychainAccess.xcodeproj"; sourceTree = "<group>"; };
/* End PBXFileReference section */

/* Begin PBXFrameworksBuildPhase section */
		E617788E27103820004710E9 /* Frameworks */ = {
			isa = PBXFrameworksBuildPhase;
			buildActionMask = 2147483647;
			files = (
				E6BB483F27108EC90002ABAF /* Keychain.swift in Frameworks */,
			);
			runOnlyForDeploymentPostprocessing = 0;
		};
/* End PBXFrameworksBuildPhase section */

/* Begin PBXGroup section */
		E617788827103820004710E9 = {
			isa = PBXGroup;
			children = (
				E617789327103820004710E9 /* LoginTestApp */,
				E617789227103820004710E9 /* Products */,
				E6BB483B27108EAC0002ABAF /* Frameworks */,
			);
			sourceTree = "<group>";
		};
		E617789227103820004710E9 /* Products */ = {
			isa = PBXGroup;
			children = (
				E617789127103820004710E9 /* LoginTestApp.app */,
			);
			name = Products;
			sourceTree = "<group>";
		};
		E617789327103820004710E9 /* LoginTestApp */ = {
			isa = PBXGroup;
			children = (
				E617789427103820004710E9 /* AppDelegate.swift */,
				E617789627103820004710E9 /* ViewController.swift */,
				E617789827103820004710E9 /* Main.storyboard */,
				E617789B27103852004710E9 /* Assets.xcassets */,
				E617789D27103852004710E9 /* LaunchScreen.storyboard */,
				E61778A027103853004710E9 /* Info.plist */,
			);
			path = LoginTestApp;
			sourceTree = "<group>";
		};
		E6BB483B27108EAC0002ABAF /* Frameworks */ = {
			isa = PBXGroup;
			children = (
				E6BB484027108EF80002ABAF /* KeychainAccess.xcodeproj */,
				E6BB483E27108EC90002ABAF /* Keychain.swift */,
				E6BB483C27108EAD0002ABAF /* KeychainAccess.podspec */,
			);
			name = Frameworks;
			sourceTree = "<group>";
		};
		E6BB484127108EF80002ABAF /* Products */ = {
			isa = PBXGroup;
			children = (
				E6BB484727108EF80002ABAF /* KeychainAccess.framework */,
				E6BB484927108EF80002ABAF /* KeychainAccessTests.xctest */,
				E6BB484B27108EF80002ABAF /* TestHost.app */,
			);
			name = Products;
			sourceTree = "<group>";
		};
/* End PBXGroup section */

/* Begin PBXNativeTarget section */
		E617789027103820004710E9 /* LoginTestApp */ = {
			isa = PBXNativeTarget;
			buildConfigurationList = E61778A327103853004710E9 /* Build configuration list for PBXNativeTarget "LoginTestApp" */;
			buildPhases = (
				E617788D27103820004710E9 /* Sources */,
				E617788E27103820004710E9 /* Frameworks */,
				E617788F27103820004710E9 /* Resources */,
			);
			buildRules = (
			);
			dependencies = (
			);
			name = LoginTestApp;
			productName = LoginTestApp;
			productReference = E617789127103820004710E9 /* LoginTestApp.app */;
			productType = "com.apple.product-type.application";
		};
/* End PBXNativeTarget section */

/* Begin PBXProject section */
		E617788927103820004710E9 /* Project object */ = {
			isa = PBXProject;
			attributes = {
				LastSwiftUpdateCheck = 1010;
				LastUpgradeCheck = 1010;
				ORGANIZATIONNAME = pizza;
				TargetAttributes = {
					E617789027103820004710E9 = {
						CreatedOnToolsVersion = 10.1;
					};
				};
			};
			buildConfigurationList = E617788C27103820004710E9 /* Build configuration list for PBXProject "LoginTestApp" */;
			compatibilityVersion = "Xcode 9.3";
			developmentRegion = en;
			hasScannedForEncodings = 0;
			knownRegions = (
				en,
				Base,
			);
			mainGroup = E617788827103820004710E9;
			productRefGroup = E617789227103820004710E9 /* Products */;
			projectDirPath = "";
			projectReferences = (
				{
					ProductGroup = E6BB484127108EF80002ABAF /* Products */;
					ProjectRef = E6BB484027108EF80002ABAF /* KeychainAccess.xcodeproj */;
				},
			);
			projectRoot = "";
			targets = (
				E617789027103820004710E9 /* LoginTestApp */,
			);
		};
/* End PBXProject section */

/* Begin PBXReferenceProxy section */
		E6BB484727108EF80002ABAF /* KeychainAccess.framework */ = {
			isa = PBXReferenceProxy;
			fileType = wrapper.framework;
			path = KeychainAccess.framework;
			remoteRef = E6BB484627108EF80002ABAF /* PBXContainerItemProxy */;
			sourceTree = BUILT_PRODUCTS_DIR;
		};
		E6BB484927108EF80002ABAF /* KeychainAccessTests.xctest */ = {
			isa = PBXReferenceProxy;
			fileType = wrapper.cfbundle;
			path = KeychainAccessTests.xctest;
			remoteRef = E6BB484827108EF80002ABAF /* PBXContainerItemProxy */;
			sourceTree = BUILT_PRODUCTS_DIR;
		};
		E6BB484B27108EF80002ABAF /* TestHost.app */ = {
			isa = PBXReferenceProxy;
			fileType = wrapper.application;
			path = TestHost.app;
			remoteRef = E6BB484A27108EF80002ABAF /* PBXContainerItemProxy */;
			sourceTree = BUILT_PRODUCTS_DIR;
		};
/* End PBXReferenceProxy section */

/* Begin PBXResourcesBuildPhase section */
		E617788F27103820004710E9 /* Resources */ = {
			isa = PBXResourcesBuildPhase;
			buildActionMask = 2147483647;
			files = (
				E617789F27103852004710E9 /* LaunchScreen.storyboard in Resources */,
				E617789C27103852004710E9 /* Assets.xcassets in Resources */,
				E617789A27103820004710E9 /* Main.storyboard in Resources */,
			);
			runOnlyForDeploymentPostprocessing = 0;
		};
/* End PBXResourcesBuildPhase section */

/* Begin PBXSourcesBuildPhase section */
		E617788D27103820004710E9 /* Sources */ = {
			isa = PBXSourcesBuildPhase;
			buildActionMask = 2147483647;
			files = (
				E617789727103820004710E9 /* ViewController.swift in Sources */,
				E617789527103820004710E9 /* AppDelegate.swift in Sources */,
			);
			runOnlyForDeploymentPostprocessing = 0;
		};
/* End PBXSourcesBuildPhase section */

/* Begin PBXVariantGroup section */
		E617789827103820004710E9 /* Main.storyboard */ = {
			isa = PBXVariantGroup;
			children = (
				E617789927103820004710E9 /* Base */,
			);
			name = Main.storyboard;
			sourceTree = "<group>";
		};
		E617789D27103852004710E9 /* LaunchScreen.storyboard */ = {
			isa = PBXVariantGroup;
			children = (
				E617789E27103852004710E9 /* Base */,
			);
			name = LaunchScreen.storyboard;
			sourceTree = "<group>";
		};
/* End PBXVariantGroup section */

/* Begin XCBuildConfiguration section */
		E61778A127103853004710E9 /* Debug */ = {
			isa = XCBuildConfiguration;
			buildSettings = {
				ALWAYS_SEARCH_USER_PATHS = NO;
				CLANG_ANALYZER_NONNULL = YES;
				CLANG_ANALYZER_NUMBER_OBJECT_CONVERSION = YES_AGGRESSIVE;
				CLANG_CXX_LANGUAGE_STANDARD = "gnu++14";
				CLANG_CXX_LIBRARY = "libc++";
				CLANG_ENABLE_MODULES = YES;
				CLANG_ENABLE_OBJC_ARC = YES;
				CLANG_ENABLE_OBJC_WEAK = YES;
				CLANG_WARN_BLOCK_CAPTURE_AUTORELEASING = YES;
				CLANG_WARN_BOOL_CONVERSION = YES;
				CLANG_WARN_COMMA = YES;
				CLANG_WARN_CONSTANT_CONVERSION = YES;
				CLANG_WARN_DEPRECATED_OBJC_IMPLEMENTATIONS = YES;
				CLANG_WARN_DIRECT_OBJC_ISA_USAGE = YES_ERROR;
				CLANG_WARN_DOCUMENTATION_COMMENTS = YES;
				CLANG_WARN_EMPTY_BODY = YES;
				CLANG_WARN_ENUM_CONVERSION = YES;
				CLANG_WARN_INFINITE_RECURSION = YES;
				CLANG_WARN_INT_CONVERSION = YES;
				CLANG_WARN_NON_LITERAL_NULL_CONVERSION = YES;
				CLANG_WARN_OBJC_IMPLICIT_RETAIN_SELF = YES;
				CLANG_WARN_OBJC_LITERAL_CONVERSION = YES;
				CLANG_WARN_OBJC_ROOT_CLASS = YES_ERROR;
				CLANG_WARN_RANGE_LOOP_ANALYSIS = YES;
				CLANG_WARN_STRICT_PROTOTYPES = YES;
				CLANG_WARN_SUSPICIOUS_MOVE = YES;
				CLANG_WARN_UNGUARDED_AVAILABILITY = YES_AGGRESSIVE;
				CLANG_WARN_UNREACHABLE_CODE = YES;
				CLANG_WARN__DUPLICATE_METHOD_MATCH = YES;
				CODE_SIGN_IDENTITY = "iPhone Developer";
				COPY_PHASE_STRIP = NO;
				DEBUG_INFORMATION_FORMAT = dwarf;
				ENABLE_STRICT_OBJC_MSGSEND = YES;
				ENABLE_TESTABILITY = YES;
				GCC_C_LANGUAGE_STANDARD = gnu11;
				GCC_DYNAMIC_NO_PIC = NO;
				GCC_NO_COMMON_BLOCKS = YES;
				GCC_OPTIMIZATION_LEVEL = 0;
				GCC_PREPROCESSOR_DEFINITIONS = (
					"DEBUG=1",
					"$(inherited)",
				);
				GCC_WARN_64_TO_32_BIT_CONVERSION = YES;
				GCC_WARN_ABOUT_RETURN_TYPE = YES_ERROR;
				GCC_WARN_UNDECLARED_SELECTOR = YES;
				GCC_WARN_UNINITIALIZED_AUTOS = YES_AGGRESSIVE;
				GCC_WARN_UNUSED_FUNCTION = YES;
				GCC_WARN_UNUSED_VARIABLE = YES;
				IPHONEOS_DEPLOYMENT_TARGET = 12.1;
				MTL_ENABLE_DEBUG_INFO = INCLUDE_SOURCE;
				MTL_FAST_MATH = YES;
				ONLY_ACTIVE_ARCH = YES;
				SDKROOT = iphoneos;
				SWIFT_ACTIVE_COMPILATION_CONDITIONS = DEBUG;
				SWIFT_OPTIMIZATION_LEVEL = "-Onone";
			};
			name = Debug;
		};
		E61778A227103853004710E9 /* Release */ = {
			isa = XCBuildConfiguration;
			buildSettings = {
				ALWAYS_SEARCH_USER_PATHS = NO;
				CLANG_ANALYZER_NONNULL = YES;
				CLANG_ANALYZER_NUMBER_OBJECT_CONVERSION = YES_AGGRESSIVE;
				CLANG_CXX_LANGUAGE_STANDARD = "gnu++14";
				CLANG_CXX_LIBRARY = "libc++";
				CLANG_ENABLE_MODULES = YES;
				CLANG_ENABLE_OBJC_ARC = YES;
				CLANG_ENABLE_OBJC_WEAK = YES;
				CLANG_WARN_BLOCK_CAPTURE_AUTORELEASING = YES;
				CLANG_WARN_BOOL_CONVERSION = YES;
				CLANG_WARN_COMMA = YES;
				CLANG_WARN_CONSTANT_CONVERSION = YES;
				CLANG_WARN_DEPRECATED_OBJC_IMPLEMENTATIONS = YES;
				CLANG_WARN_DIRECT_OBJC_ISA_USAGE = YES_ERROR;
				CLANG_WARN_DOCUMENTATION_COMMENTS = YES;
				CLANG_WARN_EMPTY_BODY = YES;
				CLANG_WARN_ENUM_CONVERSION = YES;
				CLANG_WARN_INFINITE_RECURSION = YES;
				CLANG_WARN_INT_CONVERSION = YES;
				CLANG_WARN_NON_LITERAL_NULL_CONVERSION = YES;
				CLANG_WARN_OBJC_IMPLICIT_RETAIN_SELF = YES;
				CLANG_WARN_OBJC_LITERAL_CONVERSION = YES;
				CLANG_WARN_OBJC_ROOT_CLASS = YES_ERROR;
				CLANG_WARN_RANGE_LOOP_ANALYSIS = YES;
				CLANG_WARN_STRICT_PROTOTYPES = YES;
				CLANG_WARN_SUSPICIOUS_MOVE = YES;
				CLANG_WARN_UNGUARDED_AVAILABILITY = YES_AGGRESSIVE;
				CLANG_WARN_UNREACHABLE_CODE = YES;
				CLANG_WARN__DUPLICATE_METHOD_MATCH = YES;
				CODE_SIGN_IDENTITY = "iPhone Developer";
				COPY_PHASE_STRIP = NO;
				DEBUG_INFORMATION_FORMAT = "dwarf-with-dsym";
				ENABLE_NS_ASSERTIONS = NO;
				ENABLE_STRICT_OBJC_MSGSEND = YES;
				GCC_C_LANGUAGE_STANDARD = gnu11;
				GCC_NO_COMMON_BLOCKS = YES;
				GCC_WARN_64_TO_32_BIT_CONVERSION = YES;
				GCC_WARN_ABOUT_RETURN_TYPE = YES_ERROR;
				GCC_WARN_UNDECLARED_SELECTOR = YES;
				GCC_WARN_UNINITIALIZED_AUTOS = YES_AGGRESSIVE;
				GCC_WARN_UNUSED_FUNCTION = YES;
				GCC_WARN_UNUSED_VARIABLE = YES;
				IPHONEOS_DEPLOYMENT_TARGET = 12.1;
				MTL_ENABLE_DEBUG_INFO = NO;
				MTL_FAST_MATH = YES;
				SDKROOT = iphoneos;
				SWIFT_COMPILATION_MODE = wholemodule;
				SWIFT_OPTIMIZATION_LEVEL = "-O";
				VALIDATE_PRODUCT = YES;
			};
			name = Release;
		};
		E61778A427103853004710E9 /* Debug */ = {
			isa = XCBuildConfiguration;
			buildSettings = {
				ASSETCATALOG_COMPILER_APPICON_NAME = AppIcon;
				CODE_SIGN_IDENTITY = "iPhone Developer";
				CODE_SIGN_STYLE = Automatic;
				DEVELOPMENT_TEAM = QAN2X24QCC;
				INFOPLIST_FILE = LoginTestApp/Info.plist;
				LD_RUNPATH_SEARCH_PATHS = (
					"$(inherited)",
					"@executable_path/Frameworks",
				);
				PRODUCT_BUNDLE_IDENTIFIER = ru.yuryprojects.LoginTestApp;
				PRODUCT_NAME = "$(TARGET_NAME)";
				PROVISIONING_PROFILE_SPECIFIER = "";
				SWIFT_VERSION = 4.2;
				TARGETED_DEVICE_FAMILY = "1,2";
			};
			name = Debug;
		};
		E61778A527103853004710E9 /* Release */ = {
			isa = XCBuildConfiguration;
			buildSettings = {
				ASSETCATALOG_COMPILER_APPICON_NAME = AppIcon;
				CODE_SIGN_IDENTITY = "iPhone Developer";
				CODE_SIGN_STYLE = Automatic;
				DEVELOPMENT_TEAM = QAN2X24QCC;
				INFOPLIST_FILE = LoginTestApp/Info.plist;
				LD_RUNPATH_SEARCH_PATHS = (
					"$(inherited)",
					"@executable_path/Frameworks",
				);
				PRODUCT_BUNDLE_IDENTIFIER = ru.yuryprojects.LoginTestApp;
				PRODUCT_NAME = "$(TARGET_NAME)";
				PROVISIONING_PROFILE_SPECIFIER = "";
				SWIFT_VERSION = 4.2;
				TARGETED_DEVICE_FAMILY = "1,2";
			};
			name = Release;
		};
/* End XCBuildConfiguration section */

/* Begin XCConfigurationList section */
		E617788C27103820004710E9 /* Build configuration list for PBXProject "LoginTestApp" */ = {
			isa = XCConfigurationList;
			buildConfigurations = (
				E61778A127103853004710E9 /* Debug */,
				E61778A227103853004710E9 /* Release */,
			);
			defaultConfigurationIsVisible = 0;
			defaultConfigurationName = Release;
		};
		E61778A327103853004710E9 /* Build configuration list for PBXNativeTarget "LoginTestApp" */ = {
			isa = XCConfigurationList;
			buildConfigurations = (
				E61778A427103853004710E9 /* Debug */,
				E61778A527103853004710E9 /* Release */,
			);
			defaultConfigurationIsVisible = 0;
			defaultConfigurationName = Release;
		};
/* End XCConfigurationList section */
	};
	rootObject = E617788927103820004710E9 /* Project object */;
}
